// !$*UTF8*$!
{
	archiveVersion = 1;
	classes = {
	};
	objectVersion = 48;
	objects = {

/* Begin PBXBuildFile section */
		636573841FD5A9DC007DDD2D /* AppDelegate.swift in Sources */ = {isa = PBXBuildFile; fileRef = 636573831FD5A9DC007DDD2D /* AppDelegate.swift */; };
		636573861FD5A9DC007DDD2D /* SpellingExerciseController.swift in Sources */ = {isa = PBXBuildFile; fileRef = 636573851FD5A9DC007DDD2D /* SpellingExerciseController.swift */; };
		636573881FD5A9DC007DDD2D /* ReadingExerciseController.swift in Sources */ = {isa = PBXBuildFile; fileRef = 636573871FD5A9DC007DDD2D /* ReadingExerciseController.swift */; };
		6365738B1FD5A9DC007DDD2D /* Main.storyboard in Resources */ = {isa = PBXBuildFile; fileRef = 636573891FD5A9DC007DDD2D /* Main.storyboard */; };
		6365738D1FD5A9DC007DDD2D /* Assets.xcassets in Resources */ = {isa = PBXBuildFile; fileRef = 6365738C1FD5A9DC007DDD2D /* Assets.xcassets */; };
		636573901FD5A9DC007DDD2D /* LaunchScreen.storyboard in Resources */ = {isa = PBXBuildFile; fileRef = 6365738E1FD5A9DC007DDD2D /* LaunchScreen.storyboard */; };
		6365739B1FD5A9DD007DDD2D /* iOS_ProjectTests.swift in Sources */ = {isa = PBXBuildFile; fileRef = 6365739A1FD5A9DD007DDD2D /* iOS_ProjectTests.swift */; };
		636573A61FD5A9DD007DDD2D /* iOS_ProjectUITests.swift in Sources */ = {isa = PBXBuildFile; fileRef = 636573A51FD5A9DD007DDD2D /* iOS_ProjectUITests.swift */; };
		636573B71FD5B6E6007DDD2D /* AVFoundation.framework in Frameworks */ = {isa = PBXBuildFile; fileRef = 636573B61FD5B6DA007DDD2D /* AVFoundation.framework */; };
		636573B91FD5FCBD007DDD2D /* EditWordsController.swift in Sources */ = {isa = PBXBuildFile; fileRef = 636573B81FD5FCBD007DDD2D /* EditWordsController.swift */; };
		636573BB1FD5FCCF007DDD2D /* SettingsViewController.swift in Sources */ = {isa = PBXBuildFile; fileRef = 636573BA1FD5FCCF007DDD2D /* SettingsViewController.swift */; };
		636F64CF1FD89D6D00A61DC8 /* Colors.swift in Sources */ = {isa = PBXBuildFile; fileRef = 636F64CE1FD89D6D00A61DC8 /* Colors.swift */; };
		636F64D11FD9A2B900A61DC8 /* WelcomeController.swift in Sources */ = {isa = PBXBuildFile; fileRef = 636F64D01FD9A2B900A61DC8 /* WelcomeController.swift */; };
		636F64DF1FDA4FFD00A61DC8 /* NoItemsViewController.swift in Sources */ = {isa = PBXBuildFile; fileRef = 636F64DE1FDA4FFC00A61DC8 /* NoItemsViewController.swift */; };
		636F64E11FDA502E00A61DC8 /* EndExerciseViewController.swift in Sources */ = {isa = PBXBuildFile; fileRef = 636F64E01FDA502D00A61DC8 /* EndExerciseViewController.swift */; };
		636F64E31FDAF16800A61DC8 /* protocols.swift in Sources */ = {isa = PBXBuildFile; fileRef = 636F64E21FDAF16800A61DC8 /* protocols.swift */; };
/* End PBXBuildFile section */

/* Begin PBXContainerItemProxy section */
		636573971FD5A9DD007DDD2D /* PBXContainerItemProxy */ = {
			isa = PBXContainerItemProxy;
			containerPortal = 636573781FD5A9DB007DDD2D /* Project object */;
			proxyType = 1;
			remoteGlobalIDString = 6365737F1FD5A9DC007DDD2D;
			remoteInfo = "iOS Project";
		};
		636573A21FD5A9DD007DDD2D /* PBXContainerItemProxy */ = {
			isa = PBXContainerItemProxy;
			containerPortal = 636573781FD5A9DB007DDD2D /* Project object */;
			proxyType = 1;
			remoteGlobalIDString = 6365737F1FD5A9DC007DDD2D;
			remoteInfo = "iOS Project";
		};
/* End PBXContainerItemProxy section */

/* Begin PBXFileReference section */
		636573801FD5A9DC007DDD2D /* iOS Project.app */ = {isa = PBXFileReference; explicitFileType = wrapper.application; includeInIndex = 0; path = "iOS Project.app"; sourceTree = BUILT_PRODUCTS_DIR; };
		636573831FD5A9DC007DDD2D /* AppDelegate.swift */ = {isa = PBXFileReference; lastKnownFileType = sourcecode.swift; path = AppDelegate.swift; sourceTree = "<group>"; };
		636573851FD5A9DC007DDD2D /* SpellingExerciseController.swift */ = {isa = PBXFileReference; lastKnownFileType = sourcecode.swift; path = SpellingExerciseController.swift; sourceTree = "<group>"; };
		636573871FD5A9DC007DDD2D /* ReadingExerciseController.swift */ = {isa = PBXFileReference; lastKnownFileType = sourcecode.swift; path = ReadingExerciseController.swift; sourceTree = "<group>"; };
		6365738A1FD5A9DC007DDD2D /* Base */ = {isa = PBXFileReference; lastKnownFileType = file.storyboard; name = Base; path = Base.lproj/Main.storyboard; sourceTree = "<group>"; };
		6365738C1FD5A9DC007DDD2D /* Assets.xcassets */ = {isa = PBXFileReference; lastKnownFileType = folder.assetcatalog; path = Assets.xcassets; sourceTree = "<group>"; };
		6365738F1FD5A9DC007DDD2D /* Base */ = {isa = PBXFileReference; lastKnownFileType = file.storyboard; name = Base; path = Base.lproj/LaunchScreen.storyboard; sourceTree = "<group>"; };
		636573911FD5A9DC007DDD2D /* Info.plist */ = {isa = PBXFileReference; lastKnownFileType = text.plist.xml; path = Info.plist; sourceTree = "<group>"; };
		636573961FD5A9DD007DDD2D /* iOS ProjectTests.xctest */ = {isa = PBXFileReference; explicitFileType = wrapper.cfbundle; includeInIndex = 0; path = "iOS ProjectTests.xctest"; sourceTree = BUILT_PRODUCTS_DIR; };
		6365739A1FD5A9DD007DDD2D /* iOS_ProjectTests.swift */ = {isa = PBXFileReference; lastKnownFileType = sourcecode.swift; path = iOS_ProjectTests.swift; sourceTree = "<group>"; };
		6365739C1FD5A9DD007DDD2D /* Info.plist */ = {isa = PBXFileReference; lastKnownFileType = text.plist.xml; path = Info.plist; sourceTree = "<group>"; };
		636573A11FD5A9DD007DDD2D /* iOS ProjectUITests.xctest */ = {isa = PBXFileReference; explicitFileType = wrapper.cfbundle; includeInIndex = 0; path = "iOS ProjectUITests.xctest"; sourceTree = BUILT_PRODUCTS_DIR; };
		636573A51FD5A9DD007DDD2D /* iOS_ProjectUITests.swift */ = {isa = PBXFileReference; lastKnownFileType = sourcecode.swift; path = iOS_ProjectUITests.swift; sourceTree = "<group>"; };
		636573A71FD5A9DD007DDD2D /* Info.plist */ = {isa = PBXFileReference; lastKnownFileType = text.plist.xml; path = Info.plist; sourceTree = "<group>"; };
		636573B61FD5B6DA007DDD2D /* AVFoundation.framework */ = {isa = PBXFileReference; lastKnownFileType = wrapper.framework; name = AVFoundation.framework; path = System/Library/Frameworks/AVFoundation.framework; sourceTree = SDKROOT; };
		636573B81FD5FCBD007DDD2D /* EditWordsController.swift */ = {isa = PBXFileReference; lastKnownFileType = sourcecode.swift; path = EditWordsController.swift; sourceTree = "<group>"; };
		636573BA1FD5FCCF007DDD2D /* SettingsViewController.swift */ = {isa = PBXFileReference; lastKnownFileType = sourcecode.swift; path = SettingsViewController.swift; sourceTree = "<group>"; };
		636F648E1FD8526100A61DC8 /* CoreData.framework */ = {isa = PBXFileReference; lastKnownFileType = wrapper.framework; name = CoreData.framework; path = System/Library/Frameworks/CoreData.framework; sourceTree = SDKROOT; };
		636F64CE1FD89D6D00A61DC8 /* Colors.swift */ = {isa = PBXFileReference; lastKnownFileType = sourcecode.swift; path = Colors.swift; sourceTree = "<group>"; };
		636F64D01FD9A2B900A61DC8 /* WelcomeController.swift */ = {isa = PBXFileReference; lastKnownFileType = sourcecode.swift; path = WelcomeController.swift; sourceTree = "<group>"; };
		636F64D31FD9F79700A61DC8 /* zh-Hant */ = {isa = PBXFileReference; lastKnownFileType = text.plist.strings; name = "zh-Hant"; path = "zh-Hant.lproj/LaunchScreen.strings"; sourceTree = "<group>"; };
		636F64D51FD9F7A800A61DC8 /* ja */ = {isa = PBXFileReference; lastKnownFileType = text.plist.strings; name = ja; path = ja.lproj/LaunchScreen.strings; sourceTree = "<group>"; };
		636F64DB1FDA05F500A61DC8 /* zh-Hant */ = {isa = PBXFileReference; lastKnownFileType = text.plist.strings; name = "zh-Hant"; path = "zh-Hant.lproj/Main.strings"; sourceTree = "<group>"; };
		636F64DD1FDA05FF00A61DC8 /* ja */ = {isa = PBXFileReference; lastKnownFileType = text.plist.strings; name = ja; path = ja.lproj/Main.strings; sourceTree = "<group>"; };
		636F64DE1FDA4FFC00A61DC8 /* NoItemsViewController.swift */ = {isa = PBXFileReference; lastKnownFileType = sourcecode.swift; path = NoItemsViewController.swift; sourceTree = "<group>"; };
		636F64E01FDA502D00A61DC8 /* EndExerciseViewController.swift */ = {isa = PBXFileReference; lastKnownFileType = sourcecode.swift; path = EndExerciseViewController.swift; sourceTree = "<group>"; };
		636F64E21FDAF16800A61DC8 /* protocols.swift */ = {isa = PBXFileReference; lastKnownFileType = sourcecode.swift; path = protocols.swift; sourceTree = "<group>"; };
/* End PBXFileReference section */

/* Begin PBXFrameworksBuildPhase section */
		6365737D1FD5A9DC007DDD2D /* Frameworks */ = {
			isa = PBXFrameworksBuildPhase;
			buildActionMask = 2147483647;
			files = (
				636573B71FD5B6E6007DDD2D /* AVFoundation.framework in Frameworks */,
			);
			runOnlyForDeploymentPostprocessing = 0;
		};
		636573931FD5A9DD007DDD2D /* Frameworks */ = {
			isa = PBXFrameworksBuildPhase;
			buildActionMask = 2147483647;
			files = (
			);
			runOnlyForDeploymentPostprocessing = 0;
		};
		6365739E1FD5A9DD007DDD2D /* Frameworks */ = {
			isa = PBXFrameworksBuildPhase;
			buildActionMask = 2147483647;
			files = (
			);
			runOnlyForDeploymentPostprocessing = 0;
		};
/* End PBXFrameworksBuildPhase section */

/* Begin PBXGroup section */
		636573771FD5A9DB007DDD2D = {
			isa = PBXGroup;
			children = (
				636573821FD5A9DC007DDD2D /* iOS Project */,
				636573991FD5A9DD007DDD2D /* iOS ProjectTests */,
				636573A41FD5A9DD007DDD2D /* iOS ProjectUITests */,
				636573811FD5A9DC007DDD2D /* Products */,
				636573B51FD5B6D9007DDD2D /* Frameworks */,
			);
			sourceTree = "<group>";
		};
		636573811FD5A9DC007DDD2D /* Products */ = {
			isa = PBXGroup;
			children = (
				636573801FD5A9DC007DDD2D /* iOS Project.app */,
				636573961FD5A9DD007DDD2D /* iOS ProjectTests.xctest */,
				636573A11FD5A9DD007DDD2D /* iOS ProjectUITests.xctest */,
			);
			name = Products;
			sourceTree = "<group>";
		};
		636573821FD5A9DC007DDD2D /* iOS Project */ = {
			isa = PBXGroup;
			children = (
				636573831FD5A9DC007DDD2D /* AppDelegate.swift */,
				636F64D01FD9A2B900A61DC8 /* WelcomeController.swift */,
				636573851FD5A9DC007DDD2D /* SpellingExerciseController.swift */,
				636573871FD5A9DC007DDD2D /* ReadingExerciseController.swift */,
				636573B81FD5FCBD007DDD2D /* EditWordsController.swift */,
				636573BA1FD5FCCF007DDD2D /* SettingsViewController.swift */,
				636573891FD5A9DC007DDD2D /* Main.storyboard */,
				6365738C1FD5A9DC007DDD2D /* Assets.xcassets */,
				6365738E1FD5A9DC007DDD2D /* LaunchScreen.storyboard */,
				636573911FD5A9DC007DDD2D /* Info.plist */,
				636F64CE1FD89D6D00A61DC8 /* Colors.swift */,
				636F64DE1FDA4FFC00A61DC8 /* NoItemsViewController.swift */,
				636F64E01FDA502D00A61DC8 /* EndExerciseViewController.swift */,
				636F64E21FDAF16800A61DC8 /* protocols.swift */,
			);
			path = "iOS Project";
			sourceTree = "<group>";
		};
		636573991FD5A9DD007DDD2D /* iOS ProjectTests */ = {
			isa = PBXGroup;
			children = (
				6365739A1FD5A9DD007DDD2D /* iOS_ProjectTests.swift */,
				6365739C1FD5A9DD007DDD2D /* Info.plist */,
			);
			path = "iOS ProjectTests";
			sourceTree = "<group>";
		};
		636573A41FD5A9DD007DDD2D /* iOS ProjectUITests */ = {
			isa = PBXGroup;
			children = (
				636573A51FD5A9DD007DDD2D /* iOS_ProjectUITests.swift */,
				636573A71FD5A9DD007DDD2D /* Info.plist */,
			);
			path = "iOS ProjectUITests";
			sourceTree = "<group>";
		};
		636573B51FD5B6D9007DDD2D /* Frameworks */ = {
			isa = PBXGroup;
			children = (
				636F648E1FD8526100A61DC8 /* CoreData.framework */,
				636573B61FD5B6DA007DDD2D /* AVFoundation.framework */,
			);
			name = Frameworks;
			sourceTree = "<group>";
		};
/* End PBXGroup section */

/* Begin PBXNativeTarget section */
		6365737F1FD5A9DC007DDD2D /* iOS Project */ = {
			isa = PBXNativeTarget;
			buildConfigurationList = 636573AA1FD5A9DD007DDD2D /* Build configuration list for PBXNativeTarget "iOS Project" */;
			buildPhases = (
				6365737C1FD5A9DC007DDD2D /* Sources */,
				6365737D1FD5A9DC007DDD2D /* Frameworks */,
				6365737E1FD5A9DC007DDD2D /* Resources */,
			);
			buildRules = (
			);
			dependencies = (
			);
			name = "iOS Project";
			productName = "iOS Project";
			productReference = 636573801FD5A9DC007DDD2D /* iOS Project.app */;
			productType = "com.apple.product-type.application";
		};
		636573951FD5A9DD007DDD2D /* iOS ProjectTests */ = {
			isa = PBXNativeTarget;
			buildConfigurationList = 636573AD1FD5A9DD007DDD2D /* Build configuration list for PBXNativeTarget "iOS ProjectTests" */;
			buildPhases = (
				636573921FD5A9DD007DDD2D /* Sources */,
				636573931FD5A9DD007DDD2D /* Frameworks */,
				636573941FD5A9DD007DDD2D /* Resources */,
			);
			buildRules = (
			);
			dependencies = (
				636573981FD5A9DD007DDD2D /* PBXTargetDependency */,
			);
			name = "iOS ProjectTests";
			productName = "iOS ProjectTests";
			productReference = 636573961FD5A9DD007DDD2D /* iOS ProjectTests.xctest */;
			productType = "com.apple.product-type.bundle.unit-test";
		};
		636573A01FD5A9DD007DDD2D /* iOS ProjectUITests */ = {
			isa = PBXNativeTarget;
			buildConfigurationList = 636573B01FD5A9DD007DDD2D /* Build configuration list for PBXNativeTarget "iOS ProjectUITests" */;
			buildPhases = (
				6365739D1FD5A9DD007DDD2D /* Sources */,
				6365739E1FD5A9DD007DDD2D /* Frameworks */,
				6365739F1FD5A9DD007DDD2D /* Resources */,
			);
			buildRules = (
			);
			dependencies = (
				636573A31FD5A9DD007DDD2D /* PBXTargetDependency */,
			);
			name = "iOS ProjectUITests";
			productName = "iOS ProjectUITests";
			productReference = 636573A11FD5A9DD007DDD2D /* iOS ProjectUITests.xctest */;
			productType = "com.apple.product-type.bundle.ui-testing";
		};
/* End PBXNativeTarget section */

/* Begin PBXProject section */
		636573781FD5A9DB007DDD2D /* Project object */ = {
			isa = PBXProject;
			attributes = {
				LastSwiftUpdateCheck = 0910;
				LastUpgradeCheck = 0910;
				ORGANIZATIONNAME = "Christine Berger";
				TargetAttributes = {
					6365737F1FD5A9DC007DDD2D = {
						CreatedOnToolsVersion = 9.1;
						ProvisioningStyle = Automatic;
					};
					636573951FD5A9DD007DDD2D = {
						CreatedOnToolsVersion = 9.1;
						ProvisioningStyle = Automatic;
						TestTargetID = 6365737F1FD5A9DC007DDD2D;
					};
					636573A01FD5A9DD007DDD2D = {
						CreatedOnToolsVersion = 9.1;
						ProvisioningStyle = Automatic;
						TestTargetID = 6365737F1FD5A9DC007DDD2D;
					};
				};
			};
			buildConfigurationList = 6365737B1FD5A9DB007DDD2D /* Build configuration list for PBXProject "iOS Project" */;
			compatibilityVersion = "Xcode 8.0";
			developmentRegion = en;
			hasScannedForEncodings = 0;
			knownRegions = (
				en,
				Base,
				ja,
				"zh-Hant",
			);
			mainGroup = 636573771FD5A9DB007DDD2D;
			productRefGroup = 636573811FD5A9DC007DDD2D /* Products */;
			projectDirPath = "";
			projectRoot = "";
			targets = (
				6365737F1FD5A9DC007DDD2D /* iOS Project */,
				636573951FD5A9DD007DDD2D /* iOS ProjectTests */,
				636573A01FD5A9DD007DDD2D /* iOS ProjectUITests */,
			);
		};
/* End PBXProject section */

/* Begin PBXResourcesBuildPhase section */
		6365737E1FD5A9DC007DDD2D /* Resources */ = {
			isa = PBXResourcesBuildPhase;
			buildActionMask = 2147483647;
			files = (
				636573901FD5A9DC007DDD2D /* LaunchScreen.storyboard in Resources */,
				6365738D1FD5A9DC007DDD2D /* Assets.xcassets in Resources */,
				6365738B1FD5A9DC007DDD2D /* Main.storyboard in Resources */,
			);
			runOnlyForDeploymentPostprocessing = 0;
		};
		636573941FD5A9DD007DDD2D /* Resources */ = {
			isa = PBXResourcesBuildPhase;
			buildActionMask = 2147483647;
			files = (
			);
			runOnlyForDeploymentPostprocessing = 0;
		};
		6365739F1FD5A9DD007DDD2D /* Resources */ = {
			isa = PBXResourcesBuildPhase;
			buildActionMask = 2147483647;
			files = (
			);
			runOnlyForDeploymentPostprocessing = 0;
		};
/* End PBXResourcesBuildPhase section */

/* Begin PBXSourcesBuildPhase section */
		6365737C1FD5A9DC007DDD2D /* Sources */ = {
			isa = PBXSourcesBuildPhase;
			buildActionMask = 2147483647;
			files = (
				636573881FD5A9DC007DDD2D /* ReadingExerciseController.swift in Sources */,
				636F64E11FDA502E00A61DC8 /* EndExerciseViewController.swift in Sources */,
				636F64D11FD9A2B900A61DC8 /* WelcomeController.swift in Sources */,
				636F64E31FDAF16800A61DC8 /* protocols.swift in Sources */,
				636F64CF1FD89D6D00A61DC8 /* Colors.swift in Sources */,
				636573841FD5A9DC007DDD2D /* AppDelegate.swift in Sources */,
				636F64DF1FDA4FFD00A61DC8 /* NoItemsViewController.swift in Sources */,
				636573B91FD5FCBD007DDD2D /* EditWordsController.swift in Sources */,
				636573861FD5A9DC007DDD2D /* SpellingExerciseController.swift in Sources */,
				636573BB1FD5FCCF007DDD2D /* SettingsViewController.swift in Sources */,
			);
			runOnlyForDeploymentPostprocessing = 0;
		};
		636573921FD5A9DD007DDD2D /* Sources */ = {
			isa = PBXSourcesBuildPhase;
			buildActionMask = 2147483647;
			files = (
				6365739B1FD5A9DD007DDD2D /* iOS_ProjectTests.swift in Sources */,
			);
			runOnlyForDeploymentPostprocessing = 0;
		};
		6365739D1FD5A9DD007DDD2D /* Sources */ = {
			isa = PBXSourcesBuildPhase;
			buildActionMask = 2147483647;
			files = (
				636573A61FD5A9DD007DDD2D /* iOS_ProjectUITests.swift in Sources */,
			);
			runOnlyForDeploymentPostprocessing = 0;
		};
/* End PBXSourcesBuildPhase section */

/* Begin PBXTargetDependency section */
		636573981FD5A9DD007DDD2D /* PBXTargetDependency */ = {
			isa = PBXTargetDependency;
			target = 6365737F1FD5A9DC007DDD2D /* iOS Project */;
			targetProxy = 636573971FD5A9DD007DDD2D /* PBXContainerItemProxy */;
		};
		636573A31FD5A9DD007DDD2D /* PBXTargetDependency */ = {
			isa = PBXTargetDependency;
			target = 6365737F1FD5A9DC007DDD2D /* iOS Project */;
			targetProxy = 636573A21FD5A9DD007DDD2D /* PBXContainerItemProxy */;
		};
/* End PBXTargetDependency section */

/* Begin PBXVariantGroup section */
		636573891FD5A9DC007DDD2D /* Main.storyboard */ = {
			isa = PBXVariantGroup;
			children = (
				6365738A1FD5A9DC007DDD2D /* Base */,
				636F64DB1FDA05F500A61DC8 /* zh-Hant */,
				636F64DD1FDA05FF00A61DC8 /* ja */,
			);
			name = Main.storyboard;
			sourceTree = "<group>";
		};
		6365738E1FD5A9DC007DDD2D /* LaunchScreen.storyboard */ = {
			isa = PBXVariantGroup;
			children = (
				6365738F1FD5A9DC007DDD2D /* Base */,
				636F64D31FD9F79700A61DC8 /* zh-Hant */,
				636F64D51FD9F7A800A61DC8 /* ja */,
			);
			name = LaunchScreen.storyboard;
			sourceTree = "<group>";
		};
/* End PBXVariantGroup section */

/* Begin XCBuildConfiguration section */
		636573A81FD5A9DD007DDD2D /* Debug */ = {
			isa = XCBuildConfiguration;
			buildSettings = {
				ALWAYS_SEARCH_USER_PATHS = NO;
				CLANG_ANALYZER_LOCALIZABILITY_NONLOCALIZED = YES;
				CLANG_ANALYZER_NONNULL = YES;
				CLANG_ANALYZER_NUMBER_OBJECT_CONVERSION = YES_AGGRESSIVE;
				CLANG_CXX_LANGUAGE_STANDARD = "gnu++14";
				CLANG_CXX_LIBRARY = "libc++";
				CLANG_ENABLE_MODULES = YES;
				CLANG_ENABLE_OBJC_ARC = YES;
				CLANG_WARN_BLOCK_CAPTURE_AUTORELEASING = YES;
				CLANG_WARN_BOOL_CONVERSION = YES;
				CLANG_WARN_COMMA = YES;
				CLANG_WARN_CONSTANT_CONVERSION = YES;
				CLANG_WARN_DIRECT_OBJC_ISA_USAGE = YES_ERROR;
				CLANG_WARN_DOCUMENTATION_COMMENTS = YES;
				CLANG_WARN_EMPTY_BODY = YES;
				CLANG_WARN_ENUM_CONVERSION = YES;
				CLANG_WARN_INFINITE_RECURSION = YES;
				CLANG_WARN_INT_CONVERSION = YES;
				CLANG_WARN_NON_LITERAL_NULL_CONVERSION = YES;
				CLANG_WARN_OBJC_LITERAL_CONVERSION = YES;
				CLANG_WARN_OBJC_ROOT_CLASS = YES_ERROR;
				CLANG_WARN_RANGE_LOOP_ANALYSIS = YES;
				CLANG_WARN_STRICT_PROTOTYPES = YES;
				CLANG_WARN_SUSPICIOUS_MOVE = YES;
				CLANG_WARN_UNGUARDED_AVAILABILITY = YES_AGGRESSIVE;
				CLANG_WARN_UNREACHABLE_CODE = YES;
				CLANG_WARN__DUPLICATE_METHOD_MATCH = YES;
				CODE_SIGN_IDENTITY = "iPhone Developer";
				COPY_PHASE_STRIP = NO;
				DEBUG_INFORMATION_FORMAT = dwarf;
				ENABLE_STRICT_OBJC_MSGSEND = YES;
				ENABLE_TESTABILITY = YES;
				GCC_C_LANGUAGE_STANDARD = gnu11;
				GCC_DYNAMIC_NO_PIC = NO;
				GCC_NO_COMMON_BLOCKS = YES;
				GCC_OPTIMIZATION_LEVEL = 0;
				GCC_PREPROCESSOR_DEFINITIONS = (
					"DEBUG=1",
					"$(inherited)",
				);
				GCC_WARN_64_TO_32_BIT_CONVERSION = YES;
				GCC_WARN_ABOUT_RETURN_TYPE = YES_ERROR;
				GCC_WARN_UNDECLARED_SELECTOR = YES;
				GCC_WARN_UNINITIALIZED_AUTOS = YES_AGGRESSIVE;
				GCC_WARN_UNUSED_FUNCTION = YES;
				GCC_WARN_UNUSED_VARIABLE = YES;
				IPHONEOS_DEPLOYMENT_TARGET = 11.1;
				MTL_ENABLE_DEBUG_INFO = YES;
				ONLY_ACTIVE_ARCH = YES;
				SDKROOT = iphoneos;
				SWIFT_ACTIVE_COMPILATION_CONDITIONS = DEBUG;
				SWIFT_OPTIMIZATION_LEVEL = "-Onone";
			};
			name = Debug;
		};
		636573A91FD5A9DD007DDD2D /* Release */ = {
			isa = XCBuildConfiguration;
			buildSettings = {
				ALWAYS_SEARCH_USER_PATHS = NO;
				CLANG_ANALYZER_LOCALIZABILITY_NONLOCALIZED = YES;
				CLANG_ANALYZER_NONNULL = YES;
				CLANG_ANALYZER_NUMBER_OBJECT_CONVERSION = YES_AGGRESSIVE;
				CLANG_CXX_LANGUAGE_STANDARD = "gnu++14";
				CLANG_CXX_LIBRARY = "libc++";
				CLANG_ENABLE_MODULES = YES;
				CLANG_ENABLE_OBJC_ARC = YES;
				CLANG_WARN_BLOCK_CAPTURE_AUTORELEASING = YES;
				CLANG_WARN_BOOL_CONVERSION = YES;
				CLANG_WARN_COMMA = YES;
				CLANG_WARN_CONSTANT_CONVERSION = YES;
				CLANG_WARN_DIRECT_OBJC_ISA_USAGE = YES_ERROR;
				CLANG_WARN_DOCUMENTATION_COMMENTS = YES;
				CLANG_WARN_EMPTY_BODY = YES;
				CLANG_WARN_ENUM_CONVERSION = YES;
				CLANG_WARN_INFINITE_RECURSION = YES;
				CLANG_WARN_INT_CONVERSION = YES;
				CLANG_WARN_NON_LITERAL_NULL_CONVERSION = YES;
				CLANG_WARN_OBJC_LITERAL_CONVERSION = YES;
				CLANG_WARN_OBJC_ROOT_CLASS = YES_ERROR;
				CLANG_WARN_RANGE_LOOP_ANALYSIS = YES;
				CLANG_WARN_STRICT_PROTOTYPES = YES;
				CLANG_WARN_SUSPICIOUS_MOVE = YES;
				CLANG_WARN_UNGUARDED_AVAILABILITY = YES_AGGRESSIVE;
				CLANG_WARN_UNREACHABLE_CODE = YES;
				CLANG_WARN__DUPLICATE_METHOD_MATCH = YES;
				CODE_SIGN_IDENTITY = "iPhone Developer";
				COPY_PHASE_STRIP = NO;
				DEBUG_INFORMATION_FORMAT = "dwarf-with-dsym";
				ENABLE_NS_ASSERTIONS = NO;
				ENABLE_STRICT_OBJC_MSGSEND = YES;
				GCC_C_LANGUAGE_STANDARD = gnu11;
				GCC_NO_COMMON_BLOCKS = YES;
				GCC_WARN_64_TO_32_BIT_CONVERSION = YES;
				GCC_WARN_ABOUT_RETURN_TYPE = YES_ERROR;
				GCC_WARN_UNDECLARED_SELECTOR = YES;
				GCC_WARN_UNINITIALIZED_AUTOS = YES_AGGRESSIVE;
				GCC_WARN_UNUSED_FUNCTION = YES;
				GCC_WARN_UNUSED_VARIABLE = YES;
				IPHONEOS_DEPLOYMENT_TARGET = 11.1;
				MTL_ENABLE_DEBUG_INFO = NO;
				SDKROOT = iphoneos;
				SWIFT_OPTIMIZATION_LEVEL = "-Owholemodule";
				VALIDATE_PRODUCT = YES;
			};
			name = Release;
		};
		636573AB1FD5A9DD007DDD2D /* Debug */ = {
			isa = XCBuildConfiguration;
			buildSettings = {
				ASSETCATALOG_COMPILER_APPICON_NAME = AppIcon;
				CODE_SIGN_STYLE = Automatic;
				INFOPLIST_FILE = "iOS Project/Info.plist";
				LD_RUNPATH_SEARCH_PATHS = "$(inherited) @executable_path/Frameworks";
				PRODUCT_BUNDLE_IDENTIFIER = "GCSC.iOS-Project";
				PRODUCT_NAME = "$(TARGET_NAME)";
				SWIFT_VERSION = 4.0;
				TARGETED_DEVICE_FAMILY = "1,2";
			};
			name = Debug;
		};
		636573AC1FD5A9DD007DDD2D /* Release */ = {
			isa = XCBuildConfiguration;
			buildSettings = {
				ASSETCATALOG_COMPILER_APPICON_NAME = AppIcon;
				CODE_SIGN_STYLE = Automatic;
				INFOPLIST_FILE = "iOS Project/Info.plist";
				LD_RUNPATH_SEARCH_PATHS = "$(inherited) @executable_path/Frameworks";
				PRODUCT_BUNDLE_IDENTIFIER = "GCSC.iOS-Project";
				PRODUCT_NAME = "$(TARGET_NAME)";
				SWIFT_VERSION = 4.0;
				TARGETED_DEVICE_FAMILY = "1,2";
			};
			name = Release;
		};
		636573AE1FD5A9DD007DDD2D /* Debug */ = {
			isa = XCBuildConfiguration;
			buildSettings = {
				ALWAYS_EMBED_SWIFT_STANDARD_LIBRARIES = YES;
				BUNDLE_LOADER = "$(TEST_HOST)";
				CODE_SIGN_STYLE = Automatic;
				INFOPLIST_FILE = "iOS ProjectTests/Info.plist";
				LD_RUNPATH_SEARCH_PATHS = "$(inherited) @executable_path/Frameworks @loader_path/Frameworks";
				PRODUCT_BUNDLE_IDENTIFIER = "GCSC.iOS-ProjectTests";
				PRODUCT_NAME = "$(TARGET_NAME)";
				SWIFT_VERSION = 4.0;
				TARGETED_DEVICE_FAMILY = "1,2";
				TEST_HOST = "$(BUILT_PRODUCTS_DIR)/iOS Project.app/iOS Project";
			};
			name = Debug;
		};
		636573AF1FD5A9DD007DDD2D /* Release */ = {
			isa = XCBuildConfiguration;
			buildSettings = {
				ALWAYS_EMBED_SWIFT_STANDARD_LIBRARIES = YES;
				BUNDLE_LOADER = "$(TEST_HOST)";
				CODE_SIGN_STYLE = Automatic;
				INFOPLIST_FILE = "iOS ProjectTests/Info.plist";
				LD_RUNPATH_SEARCH_PATHS = "$(inherited) @executable_path/Frameworks @loader_path/Frameworks";
				PRODUCT_BUNDLE_IDENTIFIER = "GCSC.iOS-ProjectTests";
				PRODUCT_NAME = "$(TARGET_NAME)";
				SWIFT_VERSION = 4.0;
				TARGETED_DEVICE_FAMILY = "1,2";
				TEST_HOST = "$(BUILT_PRODUCTS_DIR)/iOS Project.app/iOS Project";
			};
			name = Release;
		};
		636573B11FD5A9DD007DDD2D /* Debug */ = {
			isa = XCBuildConfiguration;
			buildSettings = {
				ALWAYS_EMBED_SWIFT_STANDARD_LIBRARIES = YES;
				CODE_SIGN_STYLE = Automatic;
				INFOPLIST_FILE = "iOS ProjectUITests/Info.plist";
				LD_RUNPATH_SEARCH_PATHS = "$(inherited) @executable_path/Frameworks @loader_path/Frameworks";
				PRODUCT_BUNDLE_IDENTIFIER = "GCSC.iOS-ProjectUITests";
				PRODUCT_NAME = "$(TARGET_NAME)";
				SWIFT_VERSION = 4.0;
				TARGETED_DEVICE_FAMILY = "1,2";
				TEST_TARGET_NAME = "iOS Project";
			};
			name = Debug;
		};
		636573B21FD5A9DD007DDD2D /* Release */ = {
			isa = XCBuildConfiguration;
			buildSettings = {
				ALWAYS_EMBED_SWIFT_STANDARD_LIBRARIES = YES;
				CODE_SIGN_STYLE = Automatic;
				INFOPLIST_FILE = "iOS ProjectUITests/Info.plist";
				LD_RUNPATH_SEARCH_PATHS = "$(inherited) @executable_path/Frameworks @loader_path/Frameworks";
				PRODUCT_BUNDLE_IDENTIFIER = "GCSC.iOS-ProjectUITests";
				PRODUCT_NAME = "$(TARGET_NAME)";
				SWIFT_VERSION = 4.0;
				TARGETED_DEVICE_FAMILY = "1,2";
				TEST_TARGET_NAME = "iOS Project";
			};
			name = Release;
		};
/* End XCBuildConfiguration section */

/* Begin XCConfigurationList section */
		6365737B1FD5A9DB007DDD2D /* Build configuration list for PBXProject "iOS Project" */ = {
			isa = XCConfigurationList;
			buildConfigurations = (
				636573A81FD5A9DD007DDD2D /* Debug */,
				636573A91FD5A9DD007DDD2D /* Release */,
			);
			defaultConfigurationIsVisible = 0;
			defaultConfigurationName = Release;
		};
		636573AA1FD5A9DD007DDD2D /* Build configuration list for PBXNativeTarget "iOS Project" */ = {
			isa = XCConfigurationList;
			buildConfigurations = (
				636573AB1FD5A9DD007DDD2D /* Debug */,
				636573AC1FD5A9DD007DDD2D /* Release */,
			);
			defaultConfigurationIsVisible = 0;
			defaultConfigurationName = Release;
		};
		636573AD1FD5A9DD007DDD2D /* Build configuration list for PBXNativeTarget "iOS ProjectTests" */ = {
			isa = XCConfigurationList;
			buildConfigurations = (
				636573AE1FD5A9DD007DDD2D /* Debug */,
				636573AF1FD5A9DD007DDD2D /* Release */,
			);
			defaultConfigurationIsVisible = 0;
			defaultConfigurationName = Release;
		};
		636573B01FD5A9DD007DDD2D /* Build configuration list for PBXNativeTarget "iOS ProjectUITests" */ = {
			isa = XCConfigurationList;
			buildConfigurations = (
				636573B11FD5A9DD007DDD2D /* Debug */,
				636573B21FD5A9DD007DDD2D /* Release */,
			);
			defaultConfigurationIsVisible = 0;
			defaultConfigurationName = Release;
		};
/* End XCConfigurationList section */
	};
	rootObject = 636573781FD5A9DB007DDD2D /* Project object */;
}
